# This file is autogenerated, do not edit; changes may be undone by the next 'dep ensure'.


[[projects]]
  digest = "1:867be5f6a8d3bf4525390559899af512f48675932e2cc3cbaa2304e9c75fc1ba"
  name = "github.com/bradfitz/gomemcache"
  packages = ["memcache"]
  pruneopts = "UT"
  revision = "fb1f79c6b65acda83063cbc69f6bba1522558bfc"

[[projects]]
  digest = "1:38ec74012390146c45af1f92d46e5382b50531247929ff3a685d2b2be65155ac"
  name = "github.com/gomodule/redigo"
  packages = [
    "internal",
    "redis",
  ]
  pruneopts = "UT"
  revision = "9c11da706d9b7902c6da69c592f75637793fe121"
  version = "v2.0.0"

[solve-meta]
  analyzer-name = "dep"
  analyzer-version = 1
  input-imports = [
    "github.com/bradfitz/gomemcache/memcache",
    "github.com/gomodule/redigo/redis",
    "github.com/silenceper/wechat/cache",
    "github.com/silenceper/wechat/context",
    "github.com/silenceper/wechat/js",
    "github.com/silenceper/wechat/material",
    "github.com/silenceper/wechat/menu",
    "github.com/silenceper/wechat/message",
    "github.com/silenceper/wechat/oauth",
    "github.com/silenceper/wechat/pay",
    "github.com/silenceper/wechat/server",
    "github.com/silenceper/wechat/template",
    "github.com/silenceper/wechat/user",
    "github.com/silenceper/wechat/util",
  ]
  solver-name = "gps-cdcl"
  solver-version = 1
